// !$*UTF8*$!
{
	archiveVersion = 1;
	classes = {
	};
	objectVersion = 50;
	objects = {

/* Begin PBXBuildFile section */
		881220F225F5548B00D9D473 /* ISBN.swift in Sources */ = {isa = PBXBuildFile; fileRef = 881220F125F5548B00D9D473 /* ISBN.swift */; };
		8860600A25F2A41200BA7F38 /* BookDetailsView.swift in Sources */ = {isa = PBXBuildFile; fileRef = 8860600925F2A41200BA7F38 /* BookDetailsView.swift */; };
		8860600C25F2A9CF00BA7F38 /* BookEditView.swift in Sources */ = {isa = PBXBuildFile; fileRef = 8860600B25F2A9CF00BA7F38 /* BookEditView.swift */; };
		88A05B3325A0C2940070514C /* BookShelfApp.swift in Sources */ = {isa = PBXBuildFile; fileRef = 88A05B3225A0C2940070514C /* BookShelfApp.swift */; };
		88A05B3525A0C2940070514C /* BooksListView.swift in Sources */ = {isa = PBXBuildFile; fileRef = 88A05B3425A0C2940070514C /* BooksListView.swift */; };
		88A05B3725A0C2940070514C /* Assets.xcassets in Resources */ = {isa = PBXBuildFile; fileRef = 88A05B3625A0C2940070514C /* Assets.xcassets */; };
		88A05B3A25A0C2940070514C /* Preview Assets.xcassets in Resources */ = {isa = PBXBuildFile; fileRef = 88A05B3925A0C2940070514C /* Preview Assets.xcassets */; };
		88A05B4325A37CE60070514C /* Book.swift in Sources */ = {isa = PBXBuildFile; fileRef = 88A05B4225A37CE60070514C /* Book.swift */; };
		88A05B4925A3867F0070514C /* BookRowView.swift in Sources */ = {isa = PBXBuildFile; fileRef = 88A05B4825A3867F0070514C /* BookRowView.swift */; };
		88B5A91125F3BDAD00B33036 /* BooksViewModel.swift in Sources */ = {isa = PBXBuildFile; fileRef = 88B5A91025F3BDAD00B33036 /* BooksViewModel.swift */; };
/* End PBXBuildFile section */

/* Begin PBXFileReference section */
		881220F125F5548B00D9D473 /* ISBN.swift */ = {isa = PBXFileReference; fileEncoding = 4; lastKnownFileType = sourcecode.swift; path = ISBN.swift; sourceTree = "<group>"; };
		8860600925F2A41200BA7F38 /* BookDetailsView.swift */ = {isa = PBXFileReference; lastKnownFileType = sourcecode.swift; path = BookDetailsView.swift; sourceTree = "<group>"; };
		8860600B25F2A9CF00BA7F38 /* BookEditView.swift */ = {isa = PBXFileReference; lastKnownFileType = sourcecode.swift; path = BookEditView.swift; sourceTree = "<group>"; };
		88A05B2F25A0C2940070514C /* BookShelf.app */ = {isa = PBXFileReference; explicitFileType = wrapper.application; includeInIndex = 0; path = BookShelf.app; sourceTree = BUILT_PRODUCTS_DIR; };
		88A05B3225A0C2940070514C /* BookShelfApp.swift */ = {isa = PBXFileReference; lastKnownFileType = sourcecode.swift; path = BookShelfApp.swift; sourceTree = "<group>"; };
		88A05B3425A0C2940070514C /* BooksListView.swift */ = {isa = PBXFileReference; lastKnownFileType = sourcecode.swift; path = BooksListView.swift; sourceTree = "<group>"; };
		88A05B3625A0C2940070514C /* Assets.xcassets */ = {isa = PBXFileReference; lastKnownFileType = folder.assetcatalog; path = Assets.xcassets; sourceTree = "<group>"; };
		88A05B3925A0C2940070514C /* Preview Assets.xcassets */ = {isa = PBXFileReference; lastKnownFileType = folder.assetcatalog; path = "Preview Assets.xcassets"; sourceTree = "<group>"; };
		88A05B3B25A0C2940070514C /* Info.plist */ = {isa = PBXFileReference; lastKnownFileType = text.plist.xml; path = Info.plist; sourceTree = "<group>"; };
		88A05B4225A37CE60070514C /* Book.swift */ = {isa = PBXFileReference; lastKnownFileType = sourcecode.swift; path = Book.swift; sourceTree = "<group>"; };
		88A05B4825A3867F0070514C /* BookRowView.swift */ = {isa = PBXFileReference; lastKnownFileType = sourcecode.swift; path = BookRowView.swift; sourceTree = "<group>"; };
		88B5A91025F3BDAD00B33036 /* BooksViewModel.swift */ = {isa = PBXFileReference; lastKnownFileType = sourcecode.swift; path = BooksViewModel.swift; sourceTree = "<group>"; };
/* End PBXFileReference section */

/* Begin PBXFrameworksBuildPhase section */
		88A05B2C25A0C2940070514C /* Frameworks */ = {
			isa = PBXFrameworksBuildPhase;
			buildActionMask = 2147483647;
			files = (
			);
			runOnlyForDeploymentPostprocessing = 0;
		};
/* End PBXFrameworksBuildPhase section */

/* Begin PBXGroup section */
		882A592628E0ABA200D676AA /* Views */ = {
			isa = PBXGroup;
			children = (
				88A05B3425A0C2940070514C /* BooksListView.swift */,
				88A05B4825A3867F0070514C /* BookRowView.swift */,
				8860600925F2A41200BA7F38 /* BookDetailsView.swift */,
				8860600B25F2A9CF00BA7F38 /* BookEditView.swift */,
			);
			path = Views;
			sourceTree = "<group>";
		};
		882A592728E0ABC300D676AA /* App */ = {
			isa = PBXGroup;
			children = (
				88A05B3225A0C2940070514C /* BookShelfApp.swift */,
			);
			path = App;
			sourceTree = "<group>";
		};
		88A05B2625A0C2930070514C = {
			isa = PBXGroup;
			children = (
				88A05B3125A0C2940070514C /* BookShelf */,
				88A05B3025A0C2940070514C /* Products */,
			);
			sourceTree = "<group>";
		};
		88A05B3025A0C2940070514C /* Products */ = {
			isa = PBXGroup;
			children = (
				88A05B2F25A0C2940070514C /* BookShelf.app */,
			);
			name = Products;
			sourceTree = "<group>";
		};
		88A05B3125A0C2940070514C /* BookShelf */ = {
			isa = PBXGroup;
			children = (
				882A592728E0ABC300D676AA /* App */,
				88B5A91225F3CF8D00B33036 /* Utils */,
				88A05B4525A37D430070514C /* Model */,
				88B5A90F25F3BD9000B33036 /* ViewModels */,
				882A592628E0ABA200D676AA /* Views */,
				88A05B3625A0C2940070514C /* Assets.xcassets */,
				88A05B3B25A0C2940070514C /* Info.plist */,
				88A05B3825A0C2940070514C /* Preview Content */,
			);
			path = BookShelf;
			sourceTree = "<group>";
		};
		88A05B3825A0C2940070514C /* Preview Content */ = {
			isa = PBXGroup;
			children = (
				88A05B3925A0C2940070514C /* Preview Assets.xcassets */,
			);
			path = "Preview Content";
			sourceTree = "<group>";
		};
		88A05B4525A37D430070514C /* Model */ = {
			isa = PBXGroup;
			children = (
				88A05B4225A37CE60070514C /* Book.swift */,
			);
			path = Model;
			sourceTree = "<group>";
		};
		88B5A90F25F3BD9000B33036 /* ViewModels */ = {
			isa = PBXGroup;
			children = (
				88B5A91025F3BDAD00B33036 /* BooksViewModel.swift */,
			);
			path = ViewModels;
			sourceTree = "<group>";
		};
		88B5A91225F3CF8D00B33036 /* Utils */ = {
			isa = PBXGroup;
			children = (
				881220F125F5548B00D9D473 /* ISBN.swift */,
			);
			path = Utils;
			sourceTree = "<group>";
		};
/* End PBXGroup section */

/* Begin PBXNativeTarget section */
		88A05B2E25A0C2940070514C /* BookShelf */ = {
			isa = PBXNativeTarget;
			buildConfigurationList = 88A05B3E25A0C2940070514C /* Build configuration list for PBXNativeTarget "BookShelf" */;
			buildPhases = (
				88A05B2B25A0C2940070514C /* Sources */,
				88A05B2C25A0C2940070514C /* Frameworks */,
				88A05B2D25A0C2940070514C /* Resources */,
			);
			buildRules = (
			);
			dependencies = (
			);
			name = BookShelf;
			productName = BookShelf;
			productReference = 88A05B2F25A0C2940070514C /* BookShelf.app */;
			productType = "com.apple.product-type.application";
		};
/* End PBXNativeTarget section */

/* Begin PBXProject section */
		88A05B2725A0C2930070514C /* Project object */ = {
			isa = PBXProject;
			attributes = {
				LastSwiftUpdateCheck = 1230;
				LastUpgradeCheck = 1230;
				TargetAttributes = {
					88A05B2E25A0C2940070514C = {
						CreatedOnToolsVersion = 12.3;
					};
				};
			};
			buildConfigurationList = 88A05B2A25A0C2930070514C /* Build configuration list for PBXProject "BookShelf" */;
			compatibilityVersion = "Xcode 9.3";
			developmentRegion = en;
			hasScannedForEncodings = 0;
			knownRegions = (
				en,
				Base,
			);
			mainGroup = 88A05B2625A0C2930070514C;
			productRefGroup = 88A05B3025A0C2940070514C /* Products */;
			projectDirPath = "";
			projectRoot = "";
			targets = (
				88A05B2E25A0C2940070514C /* BookShelf */,
			);
		};
/* End PBXProject section */

/* Begin PBXResourcesBuildPhase section */
		88A05B2D25A0C2940070514C /* Resources */ = {
			isa = PBXResourcesBuildPhase;
			buildActionMask = 2147483647;
			files = (
				88A05B3A25A0C2940070514C /* Preview Assets.xcassets in Resources */,
				88A05B3725A0C2940070514C /* Assets.xcassets in Resources */,
			);
			runOnlyForDeploymentPostprocessing = 0;
		};
/* End PBXResourcesBuildPhase section */

/* Begin PBXSourcesBuildPhase section */
		88A05B2B25A0C2940070514C /* Sources */ = {
			isa = PBXSourcesBuildPhase;
			buildActionMask = 2147483647;
			files = (
				88A05B3525A0C2940070514C /* BooksListView.swift in Sources */,
				881220F225F5548B00D9D473 /* ISBN.swift in Sources */,
				88A05B3325A0C2940070514C /* BookShelfApp.swift in Sources */,
				88A05B4925A3867F0070514C /* BookRowView.swift in Sources */,
				88B5A91125F3BDAD00B33036 /* BooksViewModel.swift in Sources */,
				88A05B4325A37CE60070514C /* Book.swift in Sources */,
				8860600A25F2A41200BA7F38 /* BookDetailsView.swift in Sources */,
				8860600C25F2A9CF00BA7F38 /* BookEditView.swift in Sources */,
			);
			runOnlyForDeploymentPostprocessing = 0;
		};
/* End PBXSourcesBuildPhase section */

/* Begin XCBuildConfiguration section */
		88A05B3C25A0C2940070514C /* Debug */ = {
			isa = XCBuildConfiguration;
			buildSettings = {
				ALWAYS_SEARCH_USER_PATHS = NO;
				CLANG_ANALYZER_NONNULL = YES;
				CLANG_ANALYZER_NUMBER_OBJECT_CONVERSION = YES_AGGRESSIVE;
				CLANG_CXX_LANGUAGE_STANDARD = "gnu++14";
				CLANG_CXX_LIBRARY = "libc++";
				CLANG_ENABLE_MODULES = YES;
				CLANG_ENABLE_OBJC_ARC = YES;
				CLANG_ENABLE_OBJC_WEAK = YES;
				CLANG_WARN_BLOCK_CAPTURE_AUTORELEASING = YES;
				CLANG_WARN_BOOL_CONVERSION = YES;
				CLANG_WARN_COMMA = YES;
				CLANG_WARN_CONSTANT_CONVERSION = YES;
				CLANG_WARN_DEPRECATED_OBJC_IMPLEMENTATIONS = YES;
				CLANG_WARN_DIRECT_OBJC_ISA_USAGE = YES_ERROR;
				CLANG_WARN_DOCUMENTATION_COMMENTS = YES;
				CLANG_WARN_EMPTY_BODY = YES;
				CLANG_WARN_ENUM_CONVERSION = YES;
				CLANG_WARN_INFINITE_RECURSION = YES;
				CLANG_WARN_INT_CONVERSION = YES;
				CLANG_WARN_NON_LITERAL_NULL_CONVERSION = YES;
				CLANG_WARN_OBJC_IMPLICIT_RETAIN_SELF = YES;
				CLANG_WARN_OBJC_LITERAL_CONVERSION = YES;
				CLANG_WARN_OBJC_ROOT_CLASS = YES_ERROR;
				CLANG_WARN_QUOTED_INCLUDE_IN_FRAMEWORK_HEADER = YES;
				CLANG_WARN_RANGE_LOOP_ANALYSIS = YES;
				CLANG_WARN_STRICT_PROTOTYPES = YES;
				CLANG_WARN_SUSPICIOUS_MOVE = YES;
				CLANG_WARN_UNGUARDED_AVAILABILITY = YES_AGGRESSIVE;
				CLANG_WARN_UNREACHABLE_CODE = YES;
				CLANG_WARN__DUPLICATE_METHOD_MATCH = YES;
				COPY_PHASE_STRIP = NO;
				DEBUG_INFORMATION_FORMAT = dwarf;
				ENABLE_STRICT_OBJC_MSGSEND = YES;
				ENABLE_TESTABILITY = YES;
				GCC_C_LANGUAGE_STANDARD = gnu11;
				GCC_DYNAMIC_NO_PIC = NO;
				GCC_NO_COMMON_BLOCKS = YES;
				GCC_OPTIMIZATION_LEVEL = 0;
				GCC_PREPROCESSOR_DEFINITIONS = (
					"DEBUG=1",
					"$(inherited)",
				);
				GCC_WARN_64_TO_32_BIT_CONVERSION = YES;
				GCC_WARN_ABOUT_RETURN_TYPE = YES_ERROR;
				GCC_WARN_UNDECLARED_SELECTOR = YES;
				GCC_WARN_UNINITIALIZED_AUTOS = YES_AGGRESSIVE;
				GCC_WARN_UNUSED_FUNCTION = YES;
				GCC_WARN_UNUSED_VARIABLE = YES;
				IPHONEOS_DEPLOYMENT_TARGET = 14.3;
				MTL_ENABLE_DEBUG_INFO = INCLUDE_SOURCE;
				MTL_FAST_MATH = YES;
				ONLY_ACTIVE_ARCH = YES;
				SDKROOT = iphoneos;
				SWIFT_ACTIVE_COMPILATION_CONDITIONS = DEBUG;
				SWIFT_OPTIMIZATION_LEVEL = "-Onone";
			};
			name = Debug;
		};
		88A05B3D25A0C2940070514C /* Release */ = {
			isa = XCBuildConfiguration;
			buildSettings = {
				ALWAYS_SEARCH_USER_PATHS = NO;
				CLANG_ANALYZER_NONNULL = YES;
				CLANG_ANALYZER_NUMBER_OBJECT_CONVERSION = YES_AGGRESSIVE;
				CLANG_CXX_LANGUAGE_STANDARD = "gnu++14";
				CLANG_CXX_LIBRARY = "libc++";
				CLANG_ENABLE_MODULES = YES;
				CLANG_ENABLE_OBJC_ARC = YES;
				CLANG_ENABLE_OBJC_WEAK = YES;
				CLANG_WARN_BLOCK_CAPTURE_AUTORELEASING = YES;
				CLANG_WARN_BOOL_CONVERSION = YES;
				CLANG_WARN_COMMA = YES;
				CLANG_WARN_CONSTANT_CONVERSION = YES;
				CLANG_WARN_DEPRECATED_OBJC_IMPLEMENTATIONS = YES;
				CLANG_WARN_DIRECT_OBJC_ISA_USAGE = YES_ERROR;
				CLANG_WARN_DOCUMENTATION_COMMENTS = YES;
				CLANG_WARN_EMPTY_BODY = YES;
				CLANG_WARN_ENUM_CONVERSION = YES;
				CLANG_WARN_INFINITE_RECURSION = YES;
				CLANG_WARN_INT_CONVERSION = YES;
				CLANG_WARN_NON_LITERAL_NULL_CONVERSION = YES;
				CLANG_WARN_OBJC_IMPLICIT_RETAIN_SELF = YES;
				CLANG_WARN_OBJC_LITERAL_CONVERSION = YES;
				CLANG_WARN_OBJC_ROOT_CLASS = YES_ERROR;
				CLANG_WARN_QUOTED_INCLUDE_IN_FRAMEWORK_HEADER = YES;
				CLANG_WARN_RANGE_LOOP_ANALYSIS = YES;
				CLANG_WARN_STRICT_PROTOTYPES = YES;
				CLANG_WARN_SUSPICIOUS_MOVE = YES;
				CLANG_WARN_UNGUARDED_AVAILABILITY = YES_AGGRESSIVE;
				CLANG_WARN_UNREACHABLE_CODE = YES;
				CLANG_WARN__DUPLICATE_METHOD_MATCH = YES;
				COPY_PHASE_STRIP = NO;
				DEBUG_INFORMATION_FORMAT = "dwarf-with-dsym";
				ENABLE_NS_ASSERTIONS = NO;
				ENABLE_STRICT_OBJC_MSGSEND = YES;
				GCC_C_LANGUAGE_STANDARD = gnu11;
				GCC_NO_COMMON_BLOCKS = YES;
				GCC_WARN_64_TO_32_BIT_CONVERSION = YES;
				GCC_WARN_ABOUT_RETURN_TYPE = YES_ERROR;
				GCC_WARN_UNDECLARED_SELECTOR = YES;
				GCC_WARN_UNINITIALIZED_AUTOS = YES_AGGRESSIVE;
				GCC_WARN_UNUSED_FUNCTION = YES;
				GCC_WARN_UNUSED_VARIABLE = YES;
				IPHONEOS_DEPLOYMENT_TARGET = 14.3;
				MTL_ENABLE_DEBUG_INFO = NO;
				MTL_FAST_MATH = YES;
				SDKROOT = iphoneos;
				SWIFT_COMPILATION_MODE = wholemodule;
				SWIFT_OPTIMIZATION_LEVEL = "-O";
				VALIDATE_PRODUCT = YES;
			};
			name = Release;
		};
		88A05B3F25A0C2940070514C /* Debug */ = {
			isa = XCBuildConfiguration;
			buildSettings = {
				ASSETCATALOG_COMPILER_APPICON_NAME = AppIcon;
				ASSETCATALOG_COMPILER_GLOBAL_ACCENT_COLOR_NAME = AccentColor;
				CODE_SIGN_STYLE = Automatic;
				DEVELOPMENT_ASSET_PATHS = "\"BookShelf/Preview Content\"";
				DEVELOPMENT_TEAM = "";
				ENABLE_PREVIEWS = YES;
				INFOPLIST_FILE = BookShelf/Info.plist;
				IPHONEOS_DEPLOYMENT_TARGET = 16.0;
				LD_RUNPATH_SEARCH_PATHS = (
					"$(inherited)",
					"@executable_path/Frameworks",
				);
				PRODUCT_BUNDLE_IDENTIFIER = dev.peterfriese.BookShelf;
				PRODUCT_NAME = "$(TARGET_NAME)";
				SWIFT_VERSION = 5.0;
				TARGETED_DEVICE_FAMILY = "1,2";
			};
			name = Debug;
		};
		88A05B4025A0C2940070514C /* Release */ = {
			isa = XCBuildConfiguration;
			buildSettings = {
				ASSETCATALOG_COMPILER_APPICON_NAME = AppIcon;
				ASSETCATALOG_COMPILER_GLOBAL_ACCENT_COLOR_NAME = AccentColor;
				CODE_SIGN_STYLE = Automatic;
				DEVELOPMENT_ASSET_PATHS = "\"BookShelf/Preview Content\"";
				DEVELOPMENT_TEAM = "";
				ENABLE_PREVIEWS = YES;
				INFOPLIST_FILE = BookShelf/Info.plist;
				IPHONEOS_DEPLOYMENT_TARGET = 16.0;
				LD_RUNPATH_SEARCH_PATHS = (
					"$(inherited)",
					"@executable_path/Frameworks",
				);
				PRODUCT_BUNDLE_IDENTIFIER = dev.peterfriese.BookShelf;
				PRODUCT_NAME = "$(TARGET_NAME)";
				SWIFT_VERSION = 5.0;
				TARGETED_DEVICE_FAMILY = "1,2";
			};
			name = Release;
		};
/* End XCBuildConfiguration section */

/* Begin XCConfigurationList section */
		88A05B2A25A0C2930070514C /* Build configuration list for PBXProject "BookShelf" */ = {
			isa = XCConfigurationList;
			buildConfigurations = (
				88A05B3C25A0C2940070514C /* Debug */,
				88A05B3D25A0C2940070514C /* Release */,
			);
			defaultConfigurationIsVisible = 0;
			defaultConfigurationName = Release;
		};
		88A05B3E25A0C2940070514C /* Build configuration list for PBXNativeTarget "BookShelf" */ = {
			isa = XCConfigurationList;
			buildConfigurations = (
				88A05B3F25A0C2940070514C /* Debug */,
				88A05B4025A0C2940070514C /* Release */,
			);
			defaultConfigurationIsVisible = 0;
			defaultConfigurationName = Release;
		};
/* End XCConfigurationList section */
	};
	rootObject = 88A05B2725A0C2930070514C /* Project object */;
}
