// !$*UTF8*$!
{
	archiveVersion = 1;
	classes = {
	};
	objectVersion = 56;
	objects = {

/* Begin PBXBuildFile section */
		881E3EEF28D1CCA800475D9B /* ViewHierarchyApp.swift in Sources */ = {isa = PBXBuildFile; fileRef = 881E3EEE28D1CCA800475D9B /* ViewHierarchyApp.swift */; };
		881E3EF128D1CCA800475D9B /* ContentView.swift in Sources */ = {isa = PBXBuildFile; fileRef = 881E3EF028D1CCA800475D9B /* ContentView.swift */; };
		881E3EF328D1CCA900475D9B /* Assets.xcassets in Resources */ = {isa = PBXBuildFile; fileRef = 881E3EF228D1CCA900475D9B /* Assets.xcassets */; };
		881E3EF628D1CCA900475D9B /* Preview Assets.xcassets in Resources */ = {isa = PBXBuildFile; fileRef = 881E3EF528D1CCA900475D9B /* Preview Assets.xcassets */; };
		882AE31D28D1D75300DCE9D3 /* ViewHierarchyTVApp.swift in Sources */ = {isa = PBXBuildFile; fileRef = 882AE31C28D1D75300DCE9D3 /* ViewHierarchyTVApp.swift */; };
		882AE31F28D1D75300DCE9D3 /* ContentView.swift in Sources */ = {isa = PBXBuildFile; fileRef = 882AE31E28D1D75300DCE9D3 /* ContentView.swift */; };
		882AE32128D1D75400DCE9D3 /* Assets.xcassets in Resources */ = {isa = PBXBuildFile; fileRef = 882AE32028D1D75400DCE9D3 /* Assets.xcassets */; };
		882AE32428D1D75400DCE9D3 /* Preview Assets.xcassets in Resources */ = {isa = PBXBuildFile; fileRef = 882AE32328D1D75400DCE9D3 /* Preview Assets.xcassets */; };
/* End PBXBuildFile section */

/* Begin PBXFileReference section */
		881E3EEB28D1CCA800475D9B /* ViewHierarchy.app */ = {isa = PBXFileReference; explicitFileType = wrapper.application; includeInIndex = 0; path = ViewHierarchy.app; sourceTree = BUILT_PRODUCTS_DIR; };
		881E3EEE28D1CCA800475D9B /* ViewHierarchyApp.swift */ = {isa = PBXFileReference; lastKnownFileType = sourcecode.swift; path = ViewHierarchyApp.swift; sourceTree = "<group>"; };
		881E3EF028D1CCA800475D9B /* ContentView.swift */ = {isa = PBXFileReference; lastKnownFileType = sourcecode.swift; path = ContentView.swift; sourceTree = "<group>"; };
		881E3EF228D1CCA900475D9B /* Assets.xcassets */ = {isa = PBXFileReference; lastKnownFileType = folder.assetcatalog; path = Assets.xcassets; sourceTree = "<group>"; };
		881E3EF528D1CCA900475D9B /* Preview Assets.xcassets */ = {isa = PBXFileReference; lastKnownFileType = folder.assetcatalog; path = "Preview Assets.xcassets"; sourceTree = "<group>"; };
		882AE31A28D1D75300DCE9D3 /* ViewHierarchyTV.app */ = {isa = PBXFileReference; explicitFileType = wrapper.application; includeInIndex = 0; path = ViewHierarchyTV.app; sourceTree = BUILT_PRODUCTS_DIR; };
		882AE31C28D1D75300DCE9D3 /* ViewHierarchyTVApp.swift */ = {isa = PBXFileReference; lastKnownFileType = sourcecode.swift; path = ViewHierarchyTVApp.swift; sourceTree = "<group>"; };
		882AE31E28D1D75300DCE9D3 /* ContentView.swift */ = {isa = PBXFileReference; lastKnownFileType = sourcecode.swift; path = ContentView.swift; sourceTree = "<group>"; };
		882AE32028D1D75400DCE9D3 /* Assets.xcassets */ = {isa = PBXFileReference; lastKnownFileType = folder.assetcatalog; path = Assets.xcassets; sourceTree = "<group>"; };
		882AE32328D1D75400DCE9D3 /* Preview Assets.xcassets */ = {isa = PBXFileReference; lastKnownFileType = folder.assetcatalog; path = "Preview Assets.xcassets"; sourceTree = "<group>"; };
/* End PBXFileReference section */

/* Begin PBXFrameworksBuildPhase section */
		881E3EE828D1CCA800475D9B /* Frameworks */ = {
			isa = PBXFrameworksBuildPhase;
			buildActionMask = 2147483647;
			files = (
			);
			runOnlyForDeploymentPostprocessing = 0;
		};
		882AE31728D1D75300DCE9D3 /* Frameworks */ = {
			isa = PBXFrameworksBuildPhase;
			buildActionMask = 2147483647;
			files = (
			);
			runOnlyForDeploymentPostprocessing = 0;
		};
/* End PBXFrameworksBuildPhase section */

/* Begin PBXGroup section */
		881E3EE228D1CCA800475D9B = {
			isa = PBXGroup;
			children = (
				881E3EED28D1CCA800475D9B /* ViewHierarchy */,
				882AE31B28D1D75300DCE9D3 /* ViewHierarchyTV */,
				881E3EEC28D1CCA800475D9B /* Products */,
			);
			sourceTree = "<group>";
		};
		881E3EEC28D1CCA800475D9B /* Products */ = {
			isa = PBXGroup;
			children = (
				881E3EEB28D1CCA800475D9B /* ViewHierarchy.app */,
				882AE31A28D1D75300DCE9D3 /* ViewHierarchyTV.app */,
			);
			name = Products;
			sourceTree = "<group>";
		};
		881E3EED28D1CCA800475D9B /* ViewHierarchy */ = {
			isa = PBXGroup;
			children = (
				881E3EEE28D1CCA800475D9B /* ViewHierarchyApp.swift */,
				881E3EF028D1CCA800475D9B /* ContentView.swift */,
				881E3EF228D1CCA900475D9B /* Assets.xcassets */,
				881E3EF428D1CCA900475D9B /* Preview Content */,
			);
			path = ViewHierarchy;
			sourceTree = "<group>";
		};
		881E3EF428D1CCA900475D9B /* Preview Content */ = {
			isa = PBXGroup;
			children = (
				881E3EF528D1CCA900475D9B /* Preview Assets.xcassets */,
			);
			path = "Preview Content";
			sourceTree = "<group>";
		};
		882AE31B28D1D75300DCE9D3 /* ViewHierarchyTV */ = {
			isa = PBXGroup;
			children = (
				882AE31C28D1D75300DCE9D3 /* ViewHierarchyTVApp.swift */,
				882AE31E28D1D75300DCE9D3 /* ContentView.swift */,
				882AE32028D1D75400DCE9D3 /* Assets.xcassets */,
				882AE32228D1D75400DCE9D3 /* Preview Content */,
			);
			path = ViewHierarchyTV;
			sourceTree = "<group>";
		};
		882AE32228D1D75400DCE9D3 /* Preview Content */ = {
			isa = PBXGroup;
			children = (
				882AE32328D1D75400DCE9D3 /* Preview Assets.xcassets */,
			);
			path = "Preview Content";
			sourceTree = "<group>";
		};
/* End PBXGroup section */

/* Begin PBXNativeTarget section */
		881E3EEA28D1CCA800475D9B /* ViewHierarchy */ = {
			isa = PBXNativeTarget;
			buildConfigurationList = 881E3EF928D1CCA900475D9B /* Build configuration list for PBXNativeTarget "ViewHierarchy" */;
			buildPhases = (
				881E3EE728D1CCA800475D9B /* Sources */,
				881E3EE828D1CCA800475D9B /* Frameworks */,
				881E3EE928D1CCA800475D9B /* Resources */,
			);
			buildRules = (
			);
			dependencies = (
			);
			name = ViewHierarchy;
			productName = ViewHierarchy;
			productReference = 881E3EEB28D1CCA800475D9B /* ViewHierarchy.app */;
			productType = "com.apple.product-type.application";
		};
		882AE31928D1D75300DCE9D3 /* ViewHierarchyTV */ = {
			isa = PBXNativeTarget;
			buildConfigurationList = 882AE32728D1D75400DCE9D3 /* Build configuration list for PBXNativeTarget "ViewHierarchyTV" */;
			buildPhases = (
				882AE31628D1D75300DCE9D3 /* Sources */,
				882AE31728D1D75300DCE9D3 /* Frameworks */,
				882AE31828D1D75300DCE9D3 /* Resources */,
			);
			buildRules = (
			);
			dependencies = (
			);
			name = ViewHierarchyTV;
			productName = ViewHierarchyTV;
			productReference = 882AE31A28D1D75300DCE9D3 /* ViewHierarchyTV.app */;
			productType = "com.apple.product-type.application";
		};
/* End PBXNativeTarget section */

/* Begin PBXProject section */
		881E3EE328D1CCA800475D9B /* Project object */ = {
			isa = PBXProject;
			attributes = {
				BuildIndependentTargetsInParallel = 1;
				LastSwiftUpdateCheck = 1400;
				LastUpgradeCheck = 1400;
				TargetAttributes = {
					881E3EEA28D1CCA800475D9B = {
						CreatedOnToolsVersion = 14.0;
					};
					882AE31928D1D75300DCE9D3 = {
						CreatedOnToolsVersion = 14.0;
					};
				};
			};
			buildConfigurationList = 881E3EE628D1CCA800475D9B /* Build configuration list for PBXProject "ViewHierarchy" */;
			compatibilityVersion = "Xcode 14.0";
			developmentRegion = en;
			hasScannedForEncodings = 0;
			knownRegions = (
				en,
				Base,
			);
			mainGroup = 881E3EE228D1CCA800475D9B;
			productRefGroup = 881E3EEC28D1CCA800475D9B /* Products */;
			projectDirPath = "";
			projectRoot = "";
			targets = (
				881E3EEA28D1CCA800475D9B /* ViewHierarchy */,
				882AE31928D1D75300DCE9D3 /* ViewHierarchyTV */,
			);
		};
/* End PBXProject section */

/* Begin PBXResourcesBuildPhase section */
		881E3EE928D1CCA800475D9B /* Resources */ = {
			isa = PBXResourcesBuildPhase;
			buildActionMask = 2147483647;
			files = (
				881E3EF628D1CCA900475D9B /* Preview Assets.xcassets in Resources */,
				881E3EF328D1CCA900475D9B /* Assets.xcassets in Resources */,
			);
			runOnlyForDeploymentPostprocessing = 0;
		};
		882AE31828D1D75300DCE9D3 /* Resources */ = {
			isa = PBXResourcesBuildPhase;
			buildActionMask = 2147483647;
			files = (
				882AE32428D1D75400DCE9D3 /* Preview Assets.xcassets in Resources */,
				882AE32128D1D75400DCE9D3 /* Assets.xcassets in Resources */,
			);
			runOnlyForDeploymentPostprocessing = 0;
		};
/* End PBXResourcesBuildPhase section */

/* Begin PBXSourcesBuildPhase section */
		881E3EE728D1CCA800475D9B /* Sources */ = {
			isa = PBXSourcesBuildPhase;
			buildActionMask = 2147483647;
			files = (
				881E3EF128D1CCA800475D9B /* ContentView.swift in Sources */,
				881E3EEF28D1CCA800475D9B /* ViewHierarchyApp.swift in Sources */,
			);
			runOnlyForDeploymentPostprocessing = 0;
		};
		882AE31628D1D75300DCE9D3 /* Sources */ = {
			isa = PBXSourcesBuildPhase;
			buildActionMask = 2147483647;
			files = (
				882AE31F28D1D75300DCE9D3 /* ContentView.swift in Sources */,
				882AE31D28D1D75300DCE9D3 /* ViewHierarchyTVApp.swift in Sources */,
			);
			runOnlyForDeploymentPostprocessing = 0;
		};
/* End PBXSourcesBuildPhase section */

/* Begin XCBuildConfiguration section */
		881E3EF728D1CCA900475D9B /* Debug */ = {
			isa = XCBuildConfiguration;
			buildSettings = {
				ALWAYS_SEARCH_USER_PATHS = NO;
				CLANG_ANALYZER_NONNULL = YES;
				CLANG_ANALYZER_NUMBER_OBJECT_CONVERSION = YES_AGGRESSIVE;
				CLANG_CXX_LANGUAGE_STANDARD = "gnu++20";
				CLANG_ENABLE_MODULES = YES;
				CLANG_ENABLE_OBJC_ARC = YES;
				CLANG_ENABLE_OBJC_WEAK = YES;
				CLANG_WARN_BLOCK_CAPTURE_AUTORELEASING = YES;
				CLANG_WARN_BOOL_CONVERSION = YES;
				CLANG_WARN_COMMA = YES;
				CLANG_WARN_CONSTANT_CONVERSION = YES;
				CLANG_WARN_DEPRECATED_OBJC_IMPLEMENTATIONS = YES;
				CLANG_WARN_DIRECT_OBJC_ISA_USAGE = YES_ERROR;
				CLANG_WARN_DOCUMENTATION_COMMENTS = YES;
				CLANG_WARN_EMPTY_BODY = YES;
				CLANG_WARN_ENUM_CONVERSION = YES;
				CLANG_WARN_INFINITE_RECURSION = YES;
				CLANG_WARN_INT_CONVERSION = YES;
				CLANG_WARN_NON_LITERAL_NULL_CONVERSION = YES;
				CLANG_WARN_OBJC_IMPLICIT_RETAIN_SELF = YES;
				CLANG_WARN_OBJC_LITERAL_CONVERSION = YES;
				CLANG_WARN_OBJC_ROOT_CLASS = YES_ERROR;
				CLANG_WARN_QUOTED_INCLUDE_IN_FRAMEWORK_HEADER = YES;
				CLANG_WARN_RANGE_LOOP_ANALYSIS = YES;
				CLANG_WARN_STRICT_PROTOTYPES = YES;
				CLANG_WARN_SUSPICIOUS_MOVE = YES;
				CLANG_WARN_UNGUARDED_AVAILABILITY = YES_AGGRESSIVE;
				CLANG_WARN_UNREACHABLE_CODE = YES;
				CLANG_WARN__DUPLICATE_METHOD_MATCH = YES;
				COPY_PHASE_STRIP = NO;
				DEBUG_INFORMATION_FORMAT = dwarf;
				ENABLE_STRICT_OBJC_MSGSEND = YES;
				ENABLE_TESTABILITY = YES;
				GCC_C_LANGUAGE_STANDARD = gnu11;
				GCC_DYNAMIC_NO_PIC = NO;
				GCC_NO_COMMON_BLOCKS = YES;
				GCC_OPTIMIZATION_LEVEL = 0;
				GCC_PREPROCESSOR_DEFINITIONS = (
					"DEBUG=1",
					"$(inherited)",
				);
				GCC_WARN_64_TO_32_BIT_CONVERSION = YES;
				GCC_WARN_ABOUT_RETURN_TYPE = YES_ERROR;
				GCC_WARN_UNDECLARED_SELECTOR = YES;
				GCC_WARN_UNINITIALIZED_AUTOS = YES_AGGRESSIVE;
				GCC_WARN_UNUSED_FUNCTION = YES;
				GCC_WARN_UNUSED_VARIABLE = YES;
				IPHONEOS_DEPLOYMENT_TARGET = 16.0;
				MTL_ENABLE_DEBUG_INFO = INCLUDE_SOURCE;
				MTL_FAST_MATH = YES;
				ONLY_ACTIVE_ARCH = YES;
				SDKROOT = iphoneos;
				SWIFT_ACTIVE_COMPILATION_CONDITIONS = DEBUG;
				SWIFT_OPTIMIZATION_LEVEL = "-Onone";
			};
			name = Debug;
		};
		881E3EF828D1CCA900475D9B /* Release */ = {
			isa = XCBuildConfiguration;
			buildSettings = {
				ALWAYS_SEARCH_USER_PATHS = NO;
				CLANG_ANALYZER_NONNULL = YES;
				CLANG_ANALYZER_NUMBER_OBJECT_CONVERSION = YES_AGGRESSIVE;
				CLANG_CXX_LANGUAGE_STANDARD = "gnu++20";
				CLANG_ENABLE_MODULES = YES;
				CLANG_ENABLE_OBJC_ARC = YES;
				CLANG_ENABLE_OBJC_WEAK = YES;
				CLANG_WARN_BLOCK_CAPTURE_AUTORELEASING = YES;
				CLANG_WARN_BOOL_CONVERSION = YES;
				CLANG_WARN_COMMA = YES;
				CLANG_WARN_CONSTANT_CONVERSION = YES;
				CLANG_WARN_DEPRECATED_OBJC_IMPLEMENTATIONS = YES;
				CLANG_WARN_DIRECT_OBJC_ISA_USAGE = YES_ERROR;
				CLANG_WARN_DOCUMENTATION_COMMENTS = YES;
				CLANG_WARN_EMPTY_BODY = YES;
				CLANG_WARN_ENUM_CONVERSION = YES;
				CLANG_WARN_INFINITE_RECURSION = YES;
				CLANG_WARN_INT_CONVERSION = YES;
				CLANG_WARN_NON_LITERAL_NULL_CONVERSION = YES;
				CLANG_WARN_OBJC_IMPLICIT_RETAIN_SELF = YES;
				CLANG_WARN_OBJC_LITERAL_CONVERSION = YES;
				CLANG_WARN_OBJC_ROOT_CLASS = YES_ERROR;
				CLANG_WARN_QUOTED_INCLUDE_IN_FRAMEWORK_HEADER = YES;
				CLANG_WARN_RANGE_LOOP_ANALYSIS = YES;
				CLANG_WARN_STRICT_PROTOTYPES = YES;
				CLANG_WARN_SUSPICIOUS_MOVE = YES;
				CLANG_WARN_UNGUARDED_AVAILABILITY = YES_AGGRESSIVE;
				CLANG_WARN_UNREACHABLE_CODE = YES;
				CLANG_WARN__DUPLICATE_METHOD_MATCH = YES;
				COPY_PHASE_STRIP = NO;
				DEBUG_INFORMATION_FORMAT = "dwarf-with-dsym";
				ENABLE_NS_ASSERTIONS = NO;
				ENABLE_STRICT_OBJC_MSGSEND = YES;
				GCC_C_LANGUAGE_STANDARD = gnu11;
				GCC_NO_COMMON_BLOCKS = YES;
				GCC_WARN_64_TO_32_BIT_CONVERSION = YES;
				GCC_WARN_ABOUT_RETURN_TYPE = YES_ERROR;
				GCC_WARN_UNDECLARED_SELECTOR = YES;
				GCC_WARN_UNINITIALIZED_AUTOS = YES_AGGRESSIVE;
				GCC_WARN_UNUSED_FUNCTION = YES;
				GCC_WARN_UNUSED_VARIABLE = YES;
				IPHONEOS_DEPLOYMENT_TARGET = 16.0;
				MTL_ENABLE_DEBUG_INFO = NO;
				MTL_FAST_MATH = YES;
				SDKROOT = iphoneos;
				SWIFT_COMPILATION_MODE = wholemodule;
				SWIFT_OPTIMIZATION_LEVEL = "-O";
				VALIDATE_PRODUCT = YES;
			};
			name = Release;
		};
		881E3EFA28D1CCA900475D9B /* Debug */ = {
			isa = XCBuildConfiguration;
			buildSettings = {
				ASSETCATALOG_COMPILER_APPICON_NAME = AppIcon;
				ASSETCATALOG_COMPILER_GLOBAL_ACCENT_COLOR_NAME = AccentColor;
				CODE_SIGN_STYLE = Automatic;
				CURRENT_PROJECT_VERSION = 1;
				DEVELOPMENT_ASSET_PATHS = "\"ViewHierarchy/Preview Content\"";
				DEVELOPMENT_TEAM = "";
				ENABLE_PREVIEWS = YES;
				GENERATE_INFOPLIST_FILE = YES;
				INFOPLIST_KEY_UIApplicationSceneManifest_Generation = YES;
				INFOPLIST_KEY_UIApplicationSupportsIndirectInputEvents = YES;
				INFOPLIST_KEY_UILaunchScreen_Generation = YES;
				INFOPLIST_KEY_UISupportedInterfaceOrientations_iPad = "UIInterfaceOrientationPortrait UIInterfaceOrientationPortraitUpsideDown UIInterfaceOrientationLandscapeLeft UIInterfaceOrientationLandscapeRight";
				INFOPLIST_KEY_UISupportedInterfaceOrientations_iPhone = "UIInterfaceOrientationPortrait UIInterfaceOrientationLandscapeLeft UIInterfaceOrientationLandscapeRight";
				LD_RUNPATH_SEARCH_PATHS = (
					"$(inherited)",
					"@executable_path/Frameworks",
				);
				MARKETING_VERSION = 1.0;
				PRODUCT_BUNDLE_IDENTIFIER = dev.peterfriese.ViewHierarchy;
				PRODUCT_NAME = "$(TARGET_NAME)";
				SWIFT_EMIT_LOC_STRINGS = YES;
				SWIFT_VERSION = 5.0;
				TARGETED_DEVICE_FAMILY = "1,2";
			};
			name = Debug;
		};
		881E3EFB28D1CCA900475D9B /* Release */ = {
			isa = XCBuildConfiguration;
			buildSettings = {
				ASSETCATALOG_COMPILER_APPICON_NAME = AppIcon;
				ASSETCATALOG_COMPILER_GLOBAL_ACCENT_COLOR_NAME = AccentColor;
				CODE_SIGN_STYLE = Automatic;
				CURRENT_PROJECT_VERSION = 1;
				DEVELOPMENT_ASSET_PATHS = "\"ViewHierarchy/Preview Content\"";
				DEVELOPMENT_TEAM = "";
				ENABLE_PREVIEWS = YES;
				GENERATE_INFOPLIST_FILE = YES;
				INFOPLIST_KEY_UIApplicationSceneManifest_Generation = YES;
				INFOPLIST_KEY_UIApplicationSupportsIndirectInputEvents = YES;
				INFOPLIST_KEY_UILaunchScreen_Generation = YES;
				INFOPLIST_KEY_UISupportedInterfaceOrientations_iPad = "UIInterfaceOrientationPortrait UIInterfaceOrientationPortraitUpsideDown UIInterfaceOrientationLandscapeLeft UIInterfaceOrientationLandscapeRight";
				INFOPLIST_KEY_UISupportedInterfaceOrientations_iPhone = "UIInterfaceOrientationPortrait UIInterfaceOrientationLandscapeLeft UIInterfaceOrientationLandscapeRight";
				LD_RUNPATH_SEARCH_PATHS = (
					"$(inherited)",
					"@executable_path/Frameworks",
				);
				MARKETING_VERSION = 1.0;
				PRODUCT_BUNDLE_IDENTIFIER = dev.peterfriese.ViewHierarchy;
				PRODUCT_NAME = "$(TARGET_NAME)";
				SWIFT_EMIT_LOC_STRINGS = YES;
				SWIFT_VERSION = 5.0;
				TARGETED_DEVICE_FAMILY = "1,2";
			};
			name = Release;
		};
		882AE32528D1D75400DCE9D3 /* Debug */ = {
			isa = XCBuildConfiguration;
			buildSettings = {
				ASSETCATALOG_COMPILER_APPICON_NAME = "App Icon & Top Shelf Image";
				ASSETCATALOG_COMPILER_GLOBAL_ACCENT_COLOR_NAME = AccentColor;
				CODE_SIGN_STYLE = Automatic;
				CURRENT_PROJECT_VERSION = 1;
				DEVELOPMENT_ASSET_PATHS = "\"ViewHierarchyTV/Preview Content\"";
				DEVELOPMENT_TEAM = "";
				ENABLE_PREVIEWS = YES;
				GENERATE_INFOPLIST_FILE = YES;
				INFOPLIST_KEY_UILaunchScreen_Generation = YES;
				INFOPLIST_KEY_UIUserInterfaceStyle = Automatic;
				LD_RUNPATH_SEARCH_PATHS = (
					"$(inherited)",
					"@executable_path/Frameworks",
				);
				MARKETING_VERSION = 1.0;
				PRODUCT_BUNDLE_IDENTIFIER = dev.peterfriese.ViewHierarchyTV;
				PRODUCT_NAME = "$(TARGET_NAME)";
				SDKROOT = appletvos;
				SWIFT_EMIT_LOC_STRINGS = YES;
				SWIFT_VERSION = 5.0;
				TARGETED_DEVICE_FAMILY = 3;
				TVOS_DEPLOYMENT_TARGET = 16.0;
			};
			name = Debug;
		};
		882AE32628D1D75400DCE9D3 /* Release */ = {
			isa = XCBuildConfiguration;
			buildSettings = {
				ASSETCATALOG_COMPILER_APPICON_NAME = "App Icon & Top Shelf Image";
				ASSETCATALOG_COMPILER_GLOBAL_ACCENT_COLOR_NAME = AccentColor;
				CODE_SIGN_STYLE = Automatic;
				CURRENT_PROJECT_VERSION = 1;
				DEVELOPMENT_ASSET_PATHS = "\"ViewHierarchyTV/Preview Content\"";
				DEVELOPMENT_TEAM = YGAZHQXHH4;
				ENABLE_PREVIEWS = YES;
				GENERATE_INFOPLIST_FILE = YES;
				INFOPLIST_KEY_UILaunchScreen_Generation = YES;
				INFOPLIST_KEY_UIUserInterfaceStyle = Automatic;
				LD_RUNPATH_SEARCH_PATHS = (
					"$(inherited)",
					"@executable_path/Frameworks",
				);
				MARKETING_VERSION = 1.0;
				PRODUCT_BUNDLE_IDENTIFIER = dev.peterfriese.ViewHierarchyTV;
				PRODUCT_NAME = "$(TARGET_NAME)";
				SDKROOT = appletvos;
				SWIFT_EMIT_LOC_STRINGS = YES;
				SWIFT_VERSION = 5.0;
				TARGETED_DEVICE_FAMILY = 3;
				TVOS_DEPLOYMENT_TARGET = 16.0;
			};
			name = Release;
		};
/* End XCBuildConfiguration section */

/* Begin XCConfigurationList section */
		881E3EE628D1CCA800475D9B /* Build configuration list for PBXProject "ViewHierarchy" */ = {
			isa = XCConfigurationList;
			buildConfigurations = (
				881E3EF728D1CCA900475D9B /* Debug */,
				881E3EF828D1CCA900475D9B /* Release */,
			);
			defaultConfigurationIsVisible = 0;
			defaultConfigurationName = Release;
		};
		881E3EF928D1CCA900475D9B /* Build configuration list for PBXNativeTarget "ViewHierarchy" */ = {
			isa = XCConfigurationList;
			buildConfigurations = (
				881E3EFA28D1CCA900475D9B /* Debug */,
				881E3EFB28D1CCA900475D9B /* Release */,
			);
			defaultConfigurationIsVisible = 0;
			defaultConfigurationName = Release;
		};
		882AE32728D1D75400DCE9D3 /* Build configuration list for PBXNativeTarget "ViewHierarchyTV" */ = {
			isa = XCConfigurationList;
			buildConfigurations = (
				882AE32528D1D75400DCE9D3 /* Debug */,
				882AE32628D1D75400DCE9D3 /* Release */,
			);
			defaultConfigurationIsVisible = 0;
			defaultConfigurationName = Release;
		};
/* End XCConfigurationList section */
	};
	rootObject = 881E3EE328D1CCA800475D9B /* Project object */;
}
