// !$*UTF8*$!
{
	archiveVersion = 1;
	classes = {
	};
	objectVersion = 50;
	objects = {

/* Begin PBXBuildFile section */
		8806136C25DACB41007589F9 /* EnvironmentObjectSampleScreen.swift in Sources */ = {isa = PBXBuildFile; fileRef = 8806136B25DACB41007589F9 /* EnvironmentObjectSampleScreen.swift */; };
		8806136E25DAD266007589F9 /* UserProfileScreen.swift in Sources */ = {isa = PBXBuildFile; fileRef = 8806136D25DAD266007589F9 /* UserProfileScreen.swift */; };
		8806137025DAD787007589F9 /* SettingsScreen.swift in Sources */ = {isa = PBXBuildFile; fileRef = 8806136F25DAD787007589F9 /* SettingsScreen.swift */; };
		88454E0D25D12B68001BDE21 /* BindingSearchSampleScreen.swift in Sources */ = {isa = PBXBuildFile; fileRef = 88454E0C25D12B68001BDE21 /* BindingSearchSampleScreen.swift */; };
		88A3C2A725D273C500740A3D /* StateObjectSampleScreen.swift in Sources */ = {isa = PBXBuildFile; fileRef = 88A3C2A625D273C500740A3D /* StateObjectSampleScreen.swift */; };
		88A3C2AA25D27BCA00740A3D /* Introduction.swift in Sources */ = {isa = PBXBuildFile; fileRef = 88A3C2A925D27BCA00740A3D /* Introduction.swift */; };
		88AD68C425D288E90073C750 /* ObservedObjectSampleScreen.swift in Sources */ = {isa = PBXBuildFile; fileRef = 88AD68C325D288E90073C750 /* ObservedObjectSampleScreen.swift */; };
		88BA613C25D00C87005DFA94 /* StateManagementApp.swift in Sources */ = {isa = PBXBuildFile; fileRef = 88BA613B25D00C87005DFA94 /* StateManagementApp.swift */; };
		88BA613E25D00C87005DFA94 /* MenuScreen.swift in Sources */ = {isa = PBXBuildFile; fileRef = 88BA613D25D00C87005DFA94 /* MenuScreen.swift */; };
		88BA614025D00C87005DFA94 /* Assets.xcassets in Resources */ = {isa = PBXBuildFile; fileRef = 88BA613F25D00C87005DFA94 /* Assets.xcassets */; };
		88BA614325D00C87005DFA94 /* Preview Assets.xcassets in Resources */ = {isa = PBXBuildFile; fileRef = 88BA614225D00C87005DFA94 /* Preview Assets.xcassets */; };
		88BA615325D01140005DFA94 /* PropertySampleScreen.swift in Sources */ = {isa = PBXBuildFile; fileRef = 88BA615225D01140005DFA94 /* PropertySampleScreen.swift */; };
		88BA615525D01530005DFA94 /* StateSampleScreen.swift in Sources */ = {isa = PBXBuildFile; fileRef = 88BA615425D01530005DFA94 /* StateSampleScreen.swift */; };
		88BA618225D11E0D005DFA94 /* BindingSampleScreen.swift in Sources */ = {isa = PBXBuildFile; fileRef = 88BA618125D11E0D005DFA94 /* BindingSampleScreen.swift */; };
/* End PBXBuildFile section */

/* Begin PBXFileReference section */
		8806136B25DACB41007589F9 /* EnvironmentObjectSampleScreen.swift */ = {isa = PBXFileReference; lastKnownFileType = sourcecode.swift; path = EnvironmentObjectSampleScreen.swift; sourceTree = "<group>"; };
		8806136D25DAD266007589F9 /* UserProfileScreen.swift */ = {isa = PBXFileReference; lastKnownFileType = sourcecode.swift; path = UserProfileScreen.swift; sourceTree = "<group>"; };
		8806136F25DAD787007589F9 /* SettingsScreen.swift */ = {isa = PBXFileReference; lastKnownFileType = sourcecode.swift; path = SettingsScreen.swift; sourceTree = "<group>"; };
		88454E0C25D12B68001BDE21 /* BindingSearchSampleScreen.swift */ = {isa = PBXFileReference; lastKnownFileType = sourcecode.swift; path = BindingSearchSampleScreen.swift; sourceTree = "<group>"; };
		88A3C2A625D273C500740A3D /* StateObjectSampleScreen.swift */ = {isa = PBXFileReference; lastKnownFileType = sourcecode.swift; path = StateObjectSampleScreen.swift; sourceTree = "<group>"; };
		88A3C2A925D27BCA00740A3D /* Introduction.swift */ = {isa = PBXFileReference; lastKnownFileType = sourcecode.swift; path = Introduction.swift; sourceTree = "<group>"; };
		88AD68C325D288E90073C750 /* ObservedObjectSampleScreen.swift */ = {isa = PBXFileReference; lastKnownFileType = sourcecode.swift; path = ObservedObjectSampleScreen.swift; sourceTree = "<group>"; };
		88BA613825D00C87005DFA94 /* StateManagement.app */ = {isa = PBXFileReference; explicitFileType = wrapper.application; includeInIndex = 0; path = StateManagement.app; sourceTree = BUILT_PRODUCTS_DIR; };
		88BA613B25D00C87005DFA94 /* StateManagementApp.swift */ = {isa = PBXFileReference; lastKnownFileType = sourcecode.swift; path = StateManagementApp.swift; sourceTree = "<group>"; };
		88BA613D25D00C87005DFA94 /* MenuScreen.swift */ = {isa = PBXFileReference; lastKnownFileType = sourcecode.swift; path = MenuScreen.swift; sourceTree = "<group>"; };
		88BA613F25D00C87005DFA94 /* Assets.xcassets */ = {isa = PBXFileReference; lastKnownFileType = folder.assetcatalog; path = Assets.xcassets; sourceTree = "<group>"; };
		88BA614225D00C87005DFA94 /* Preview Assets.xcassets */ = {isa = PBXFileReference; lastKnownFileType = folder.assetcatalog; path = "Preview Assets.xcassets"; sourceTree = "<group>"; };
		88BA614425D00C87005DFA94 /* Info.plist */ = {isa = PBXFileReference; lastKnownFileType = text.plist.xml; path = Info.plist; sourceTree = "<group>"; };
		88BA615225D01140005DFA94 /* PropertySampleScreen.swift */ = {isa = PBXFileReference; lastKnownFileType = sourcecode.swift; path = PropertySampleScreen.swift; sourceTree = "<group>"; };
		88BA615425D01530005DFA94 /* StateSampleScreen.swift */ = {isa = PBXFileReference; lastKnownFileType = sourcecode.swift; path = StateSampleScreen.swift; sourceTree = "<group>"; };
		88BA618125D11E0D005DFA94 /* BindingSampleScreen.swift */ = {isa = PBXFileReference; lastKnownFileType = sourcecode.swift; path = BindingSampleScreen.swift; sourceTree = "<group>"; };
/* End PBXFileReference section */

/* Begin PBXFrameworksBuildPhase section */
		88BA613525D00C87005DFA94 /* Frameworks */ = {
			isa = PBXFrameworksBuildPhase;
			buildActionMask = 2147483647;
			files = (
			);
			runOnlyForDeploymentPostprocessing = 0;
		};
/* End PBXFrameworksBuildPhase section */

/* Begin PBXGroup section */
		88A3C2A825D27B3B00740A3D /* Utilities */ = {
			isa = PBXGroup;
			children = (
				88A3C2A925D27BCA00740A3D /* Introduction.swift */,
			);
			path = Utilities;
			sourceTree = "<group>";
		};
		88BA612F25D00C87005DFA94 = {
			isa = PBXGroup;
			children = (
				88BA613A25D00C87005DFA94 /* StateManagement */,
				88BA613925D00C87005DFA94 /* Products */,
			);
			sourceTree = "<group>";
		};
		88BA613925D00C87005DFA94 /* Products */ = {
			isa = PBXGroup;
			children = (
				88BA613825D00C87005DFA94 /* StateManagement.app */,
			);
			name = Products;
			sourceTree = "<group>";
		};
		88BA613A25D00C87005DFA94 /* StateManagement */ = {
			isa = PBXGroup;
			children = (
				88A3C2A825D27B3B00740A3D /* Utilities */,
				88BA614B25D00D08005DFA94 /* Property */,
				88BA614A25D00CFD005DFA94 /* State */,
				88BA614C25D00D14005DFA94 /* Binding */,
				88BA614D25D00D1B005DFA94 /* StateObject */,
				88BA614F25D00D42005DFA94 /* ObservableObject */,
				88BA614E25D00D2D005DFA94 /* EnvironmentObject */,
				88BA613B25D00C87005DFA94 /* StateManagementApp.swift */,
				88BA613D25D00C87005DFA94 /* MenuScreen.swift */,
				88BA613F25D00C87005DFA94 /* Assets.xcassets */,
				88BA614425D00C87005DFA94 /* Info.plist */,
				88BA614125D00C87005DFA94 /* Preview Content */,
			);
			path = StateManagement;
			sourceTree = "<group>";
		};
		88BA614125D00C87005DFA94 /* Preview Content */ = {
			isa = PBXGroup;
			children = (
				88BA614225D00C87005DFA94 /* Preview Assets.xcassets */,
			);
			path = "Preview Content";
			sourceTree = "<group>";
		};
		88BA614A25D00CFD005DFA94 /* State */ = {
			isa = PBXGroup;
			children = (
				88BA615425D01530005DFA94 /* StateSampleScreen.swift */,
			);
			path = State;
			sourceTree = "<group>";
		};
		88BA614B25D00D08005DFA94 /* Property */ = {
			isa = PBXGroup;
			children = (
				88BA615225D01140005DFA94 /* PropertySampleScreen.swift */,
			);
			path = Property;
			sourceTree = "<group>";
		};
		88BA614C25D00D14005DFA94 /* Binding */ = {
			isa = PBXGroup;
			children = (
				88BA618125D11E0D005DFA94 /* BindingSampleScreen.swift */,
				88454E0C25D12B68001BDE21 /* BindingSearchSampleScreen.swift */,
			);
			path = Binding;
			sourceTree = "<group>";
		};
		88BA614D25D00D1B005DFA94 /* StateObject */ = {
			isa = PBXGroup;
			children = (
				88A3C2A625D273C500740A3D /* StateObjectSampleScreen.swift */,
			);
			path = StateObject;
			sourceTree = "<group>";
		};
		88BA614E25D00D2D005DFA94 /* EnvironmentObject */ = {
			isa = PBXGroup;
			children = (
				8806136B25DACB41007589F9 /* EnvironmentObjectSampleScreen.swift */,
				8806136D25DAD266007589F9 /* UserProfileScreen.swift */,
				8806136F25DAD787007589F9 /* SettingsScreen.swift */,
			);
			path = EnvironmentObject;
			sourceTree = "<group>";
		};
		88BA614F25D00D42005DFA94 /* ObservableObject */ = {
			isa = PBXGroup;
			children = (
				88AD68C325D288E90073C750 /* ObservedObjectSampleScreen.swift */,
			);
			path = ObservableObject;
			sourceTree = "<group>";
		};
/* End PBXGroup section */

/* Begin PBXNativeTarget section */
		88BA613725D00C87005DFA94 /* StateManagement */ = {
			isa = PBXNativeTarget;
			buildConfigurationList = 88BA614725D00C87005DFA94 /* Build configuration list for PBXNativeTarget "StateManagement" */;
			buildPhases = (
				88BA613425D00C87005DFA94 /* Sources */,
				88BA613525D00C87005DFA94 /* Frameworks */,
				88BA613625D00C87005DFA94 /* Resources */,
			);
			buildRules = (
			);
			dependencies = (
			);
			name = StateManagement;
			productName = StateManagement;
			productReference = 88BA613825D00C87005DFA94 /* StateManagement.app */;
			productType = "com.apple.product-type.application";
		};
/* End PBXNativeTarget section */

/* Begin PBXProject section */
		88BA613025D00C87005DFA94 /* Project object */ = {
			isa = PBXProject;
			attributes = {
				LastSwiftUpdateCheck = 1250;
				LastUpgradeCheck = 1250;
				TargetAttributes = {
					88BA613725D00C87005DFA94 = {
						CreatedOnToolsVersion = 12.5;
					};
				};
			};
			buildConfigurationList = 88BA613325D00C87005DFA94 /* Build configuration list for PBXProject "StateManagement" */;
			compatibilityVersion = "Xcode 9.3";
			developmentRegion = en;
			hasScannedForEncodings = 0;
			knownRegions = (
				en,
				Base,
			);
			mainGroup = 88BA612F25D00C87005DFA94;
			productRefGroup = 88BA613925D00C87005DFA94 /* Products */;
			projectDirPath = "";
			projectRoot = "";
			targets = (
				88BA613725D00C87005DFA94 /* StateManagement */,
			);
		};
/* End PBXProject section */

/* Begin PBXResourcesBuildPhase section */
		88BA613625D00C87005DFA94 /* Resources */ = {
			isa = PBXResourcesBuildPhase;
			buildActionMask = 2147483647;
			files = (
				88BA614325D00C87005DFA94 /* Preview Assets.xcassets in Resources */,
				88BA614025D00C87005DFA94 /* Assets.xcassets in Resources */,
			);
			runOnlyForDeploymentPostprocessing = 0;
		};
/* End PBXResourcesBuildPhase section */

/* Begin PBXSourcesBuildPhase section */
		88BA613425D00C87005DFA94 /* Sources */ = {
			isa = PBXSourcesBuildPhase;
			buildActionMask = 2147483647;
			files = (
				88BA613E25D00C87005DFA94 /* MenuScreen.swift in Sources */,
				88BA615525D01530005DFA94 /* StateSampleScreen.swift in Sources */,
				8806136C25DACB41007589F9 /* EnvironmentObjectSampleScreen.swift in Sources */,
				88BA613C25D00C87005DFA94 /* StateManagementApp.swift in Sources */,
				8806137025DAD787007589F9 /* SettingsScreen.swift in Sources */,
				88A3C2A725D273C500740A3D /* StateObjectSampleScreen.swift in Sources */,
				88454E0D25D12B68001BDE21 /* BindingSearchSampleScreen.swift in Sources */,
				8806136E25DAD266007589F9 /* UserProfileScreen.swift in Sources */,
				88BA618225D11E0D005DFA94 /* BindingSampleScreen.swift in Sources */,
				88BA615325D01140005DFA94 /* PropertySampleScreen.swift in Sources */,
				88AD68C425D288E90073C750 /* ObservedObjectSampleScreen.swift in Sources */,
				88A3C2AA25D27BCA00740A3D /* Introduction.swift in Sources */,
			);
			runOnlyForDeploymentPostprocessing = 0;
		};
/* End PBXSourcesBuildPhase section */

/* Begin XCBuildConfiguration section */
		88BA614525D00C87005DFA94 /* Debug */ = {
			isa = XCBuildConfiguration;
			buildSettings = {
				ALWAYS_SEARCH_USER_PATHS = NO;
				CLANG_ANALYZER_NONNULL = YES;
				CLANG_ANALYZER_NUMBER_OBJECT_CONVERSION = YES_AGGRESSIVE;
				CLANG_CXX_LANGUAGE_STANDARD = "gnu++14";
				CLANG_CXX_LIBRARY = "libc++";
				CLANG_ENABLE_MODULES = YES;
				CLANG_ENABLE_OBJC_ARC = YES;
				CLANG_ENABLE_OBJC_WEAK = YES;
				CLANG_WARN_BLOCK_CAPTURE_AUTORELEASING = YES;
				CLANG_WARN_BOOL_CONVERSION = YES;
				CLANG_WARN_COMMA = YES;
				CLANG_WARN_CONSTANT_CONVERSION = YES;
				CLANG_WARN_DEPRECATED_OBJC_IMPLEMENTATIONS = YES;
				CLANG_WARN_DIRECT_OBJC_ISA_USAGE = YES_ERROR;
				CLANG_WARN_DOCUMENTATION_COMMENTS = YES;
				CLANG_WARN_EMPTY_BODY = YES;
				CLANG_WARN_ENUM_CONVERSION = YES;
				CLANG_WARN_INFINITE_RECURSION = YES;
				CLANG_WARN_INT_CONVERSION = YES;
				CLANG_WARN_NON_LITERAL_NULL_CONVERSION = YES;
				CLANG_WARN_OBJC_IMPLICIT_RETAIN_SELF = YES;
				CLANG_WARN_OBJC_LITERAL_CONVERSION = YES;
				CLANG_WARN_OBJC_ROOT_CLASS = YES_ERROR;
				CLANG_WARN_QUOTED_INCLUDE_IN_FRAMEWORK_HEADER = YES;
				CLANG_WARN_RANGE_LOOP_ANALYSIS = YES;
				CLANG_WARN_STRICT_PROTOTYPES = YES;
				CLANG_WARN_SUSPICIOUS_MOVE = YES;
				CLANG_WARN_UNGUARDED_AVAILABILITY = YES_AGGRESSIVE;
				CLANG_WARN_UNREACHABLE_CODE = YES;
				CLANG_WARN__DUPLICATE_METHOD_MATCH = YES;
				COPY_PHASE_STRIP = NO;
				DEBUG_INFORMATION_FORMAT = dwarf;
				ENABLE_STRICT_OBJC_MSGSEND = YES;
				ENABLE_TESTABILITY = YES;
				GCC_C_LANGUAGE_STANDARD = gnu11;
				GCC_DYNAMIC_NO_PIC = NO;
				GCC_NO_COMMON_BLOCKS = YES;
				GCC_OPTIMIZATION_LEVEL = 0;
				GCC_PREPROCESSOR_DEFINITIONS = (
					"DEBUG=1",
					"$(inherited)",
				);
				GCC_WARN_64_TO_32_BIT_CONVERSION = YES;
				GCC_WARN_ABOUT_RETURN_TYPE = YES_ERROR;
				GCC_WARN_UNDECLARED_SELECTOR = YES;
				GCC_WARN_UNINITIALIZED_AUTOS = YES_AGGRESSIVE;
				GCC_WARN_UNUSED_FUNCTION = YES;
				GCC_WARN_UNUSED_VARIABLE = YES;
				IPHONEOS_DEPLOYMENT_TARGET = 14.5;
				MTL_ENABLE_DEBUG_INFO = INCLUDE_SOURCE;
				MTL_FAST_MATH = YES;
				ONLY_ACTIVE_ARCH = YES;
				SDKROOT = iphoneos;
				SWIFT_ACTIVE_COMPILATION_CONDITIONS = DEBUG;
				SWIFT_OPTIMIZATION_LEVEL = "-Onone";
			};
			name = Debug;
		};
		88BA614625D00C87005DFA94 /* Release */ = {
			isa = XCBuildConfiguration;
			buildSettings = {
				ALWAYS_SEARCH_USER_PATHS = NO;
				CLANG_ANALYZER_NONNULL = YES;
				CLANG_ANALYZER_NUMBER_OBJECT_CONVERSION = YES_AGGRESSIVE;
				CLANG_CXX_LANGUAGE_STANDARD = "gnu++14";
				CLANG_CXX_LIBRARY = "libc++";
				CLANG_ENABLE_MODULES = YES;
				CLANG_ENABLE_OBJC_ARC = YES;
				CLANG_ENABLE_OBJC_WEAK = YES;
				CLANG_WARN_BLOCK_CAPTURE_AUTORELEASING = YES;
				CLANG_WARN_BOOL_CONVERSION = YES;
				CLANG_WARN_COMMA = YES;
				CLANG_WARN_CONSTANT_CONVERSION = YES;
				CLANG_WARN_DEPRECATED_OBJC_IMPLEMENTATIONS = YES;
				CLANG_WARN_DIRECT_OBJC_ISA_USAGE = YES_ERROR;
				CLANG_WARN_DOCUMENTATION_COMMENTS = YES;
				CLANG_WARN_EMPTY_BODY = YES;
				CLANG_WARN_ENUM_CONVERSION = YES;
				CLANG_WARN_INFINITE_RECURSION = YES;
				CLANG_WARN_INT_CONVERSION = YES;
				CLANG_WARN_NON_LITERAL_NULL_CONVERSION = YES;
				CLANG_WARN_OBJC_IMPLICIT_RETAIN_SELF = YES;
				CLANG_WARN_OBJC_LITERAL_CONVERSION = YES;
				CLANG_WARN_OBJC_ROOT_CLASS = YES_ERROR;
				CLANG_WARN_QUOTED_INCLUDE_IN_FRAMEWORK_HEADER = YES;
				CLANG_WARN_RANGE_LOOP_ANALYSIS = YES;
				CLANG_WARN_STRICT_PROTOTYPES = YES;
				CLANG_WARN_SUSPICIOUS_MOVE = YES;
				CLANG_WARN_UNGUARDED_AVAILABILITY = YES_AGGRESSIVE;
				CLANG_WARN_UNREACHABLE_CODE = YES;
				CLANG_WARN__DUPLICATE_METHOD_MATCH = YES;
				COPY_PHASE_STRIP = NO;
				DEBUG_INFORMATION_FORMAT = "dwarf-with-dsym";
				ENABLE_NS_ASSERTIONS = NO;
				ENABLE_STRICT_OBJC_MSGSEND = YES;
				GCC_C_LANGUAGE_STANDARD = gnu11;
				GCC_NO_COMMON_BLOCKS = YES;
				GCC_WARN_64_TO_32_BIT_CONVERSION = YES;
				GCC_WARN_ABOUT_RETURN_TYPE = YES_ERROR;
				GCC_WARN_UNDECLARED_SELECTOR = YES;
				GCC_WARN_UNINITIALIZED_AUTOS = YES_AGGRESSIVE;
				GCC_WARN_UNUSED_FUNCTION = YES;
				GCC_WARN_UNUSED_VARIABLE = YES;
				IPHONEOS_DEPLOYMENT_TARGET = 14.5;
				MTL_ENABLE_DEBUG_INFO = NO;
				MTL_FAST_MATH = YES;
				SDKROOT = iphoneos;
				SWIFT_COMPILATION_MODE = wholemodule;
				SWIFT_OPTIMIZATION_LEVEL = "-O";
				VALIDATE_PRODUCT = YES;
			};
			name = Release;
		};
		88BA614825D00C87005DFA94 /* Debug */ = {
			isa = XCBuildConfiguration;
			buildSettings = {
				ASSETCATALOG_COMPILER_APPICON_NAME = AppIcon;
				ASSETCATALOG_COMPILER_GLOBAL_ACCENT_COLOR_NAME = AccentColor;
				CODE_SIGN_STYLE = Automatic;
				DEVELOPMENT_ASSET_PATHS = "\"StateManagement/Preview Content\"";
				DEVELOPMENT_TEAM = YGAZHQXHH4;
				ENABLE_PREVIEWS = YES;
				INFOPLIST_FILE = StateManagement/Info.plist;
				IPHONEOS_DEPLOYMENT_TARGET = 14.0;
				LD_RUNPATH_SEARCH_PATHS = (
					"$(inherited)",
					"@executable_path/Frameworks",
				);
				PRODUCT_BUNDLE_IDENTIFIER = dev.peterfriese.StateManagement;
				PRODUCT_NAME = "$(TARGET_NAME)";
				SWIFT_VERSION = 5.0;
				TARGETED_DEVICE_FAMILY = "1,2";
			};
			name = Debug;
		};
		88BA614925D00C87005DFA94 /* Release */ = {
			isa = XCBuildConfiguration;
			buildSettings = {
				ASSETCATALOG_COMPILER_APPICON_NAME = AppIcon;
				ASSETCATALOG_COMPILER_GLOBAL_ACCENT_COLOR_NAME = AccentColor;
				CODE_SIGN_STYLE = Automatic;
				DEVELOPMENT_ASSET_PATHS = "\"StateManagement/Preview Content\"";
				DEVELOPMENT_TEAM = YGAZHQXHH4;
				ENABLE_PREVIEWS = YES;
				INFOPLIST_FILE = StateManagement/Info.plist;
				IPHONEOS_DEPLOYMENT_TARGET = 14.0;
				LD_RUNPATH_SEARCH_PATHS = (
					"$(inherited)",
					"@executable_path/Frameworks",
				);
				PRODUCT_BUNDLE_IDENTIFIER = dev.peterfriese.StateManagement;
				PRODUCT_NAME = "$(TARGET_NAME)";
				SWIFT_VERSION = 5.0;
				TARGETED_DEVICE_FAMILY = "1,2";
			};
			name = Release;
		};
/* End XCBuildConfiguration section */

/* Begin XCConfigurationList section */
		88BA613325D00C87005DFA94 /* Build configuration list for PBXProject "StateManagement" */ = {
			isa = XCConfigurationList;
			buildConfigurations = (
				88BA614525D00C87005DFA94 /* Debug */,
				88BA614625D00C87005DFA94 /* Release */,
			);
			defaultConfigurationIsVisible = 0;
			defaultConfigurationName = Release;
		};
		88BA614725D00C87005DFA94 /* Build configuration list for PBXNativeTarget "StateManagement" */ = {
			isa = XCConfigurationList;
			buildConfigurations = (
				88BA614825D00C87005DFA94 /* Debug */,
				88BA614925D00C87005DFA94 /* Release */,
			);
			defaultConfigurationIsVisible = 0;
			defaultConfigurationName = Release;
		};
/* End XCConfigurationList section */
	};
	rootObject = 88BA613025D00C87005DFA94 /* Project object */;
}
